
Microsoft Visual Studio Solution File, Format Version 12.00
# Visual Studio Version 16
VisualStudioVersion = 16.0.32126.315
MinimumVisualStudioVersion = 10.0.40219.1
Project("{FAE04EC0-301F-11D3-BF4B-00C04F79EFBC}") = "AbstractClasses1", "AbstractClasses1\AbstractClasses1.csproj", "{C095388F-6008-42DC-BCCC-0DA549BA9ADA}"
EndProject
Global
	GlobalSection(SolutionConfigurationPlatforms) = preSolution
		Debug|Any CPU = Debug|Any CPU
		Release|Any CPU = Release|Any CPU
	EndGlobalSection
	GlobalSection(ProjectConfigurationPlatforms) = postSolution
		{C095388F-6008-42DC-BCCC-0DA549BA9ADA}.Debug|Any CPU.ActiveCfg = Debug|Any CPU
		{C095388F-6008-42DC-BCCC-0DA549BA9ADA}.Debug|Any CPU.Build.0 = Debug|Any CPU
		{C095388F-6008-42DC-BCCC-0DA549BA9ADA}.Release|Any CPU.ActiveCfg = Release|Any CPU
		{C095388F-6008-42DC-BCCC-0DA549BA9ADA}.Release|Any CPU.Build.0 = Release|Any CPU
	EndGlobalSection
	GlobalSection(SolutionProperties) = preSolution
		HideSolutionNode = FALSE
	EndGlobalSection
	GlobalSection(ExtensibilityGlobals) = postSolution
		SolutionGuid = {09CA78FF-5CA1-44C0-9CDA-73F316EAF4E7}
	EndGlobalSection
EndGlobal
